
Microsoft Visual Studio Solution File, Format Version 12.00
# Visual Studio Version 17
VisualStudioVersion = 17.7.34202.233
MinimumVisualStudioVersion = 10.0.40219.1
Project("{FAE04EC0-301F-11D3-BF4B-00C04F79EFBC}") = "Patron de Diseño Iterator", "Patron de Diseño Iterator.csproj", "{C0B69B34-E9A5-48A4-B815-568AB9452D37}"
EndProject
Global
	GlobalSection(SolutionConfigurationPlatforms) = preSolution
		Debug|Any CPU = Debug|Any CPU
		Release|Any CPU = Release|Any CPU
	EndGlobalSection
	GlobalSection(ProjectConfigurationPlatforms) = postSolution
		{C0B69B34-E9A5-48A4-B815-568AB9452D37}.Debug|Any CPU.ActiveCfg = Debug|Any CPU
		{C0B69B34-E9A5-48A4-B815-568AB9452D37}.Debug|Any CPU.Build.0 = Debug|Any CPU
		{C0B69B34-E9A5-48A4-B815-568AB9452D37}.Release|Any CPU.ActiveCfg = Release|Any CPU
		{C0B69B34-E9A5-48A4-B815-568AB9452D37}.Release|Any CPU.Build.0 = Release|Any CPU
	EndGlobalSection
	GlobalSection(SolutionProperties) = preSolution
		HideSolutionNode = FALSE
	EndGlobalSection
	GlobalSection(ExtensibilityGlobals) = postSolution
		SolutionGuid = {F18C8FD7-1ACC-43F8-9C3D-273675C2B4CD}
	EndGlobalSection
EndGlobal
