
Microsoft Visual Studio Solution File, Format Version 12.00
# Visual Studio Version 17
VisualStudioVersion = 17.7.34031.279
MinimumVisualStudioVersion = 10.0.40219.1
Project("{FAE04EC0-301F-11D3-BF4B-00C04F79EFBC}") = "Patron de diseño Adaptor", "Patron de diseño Adaptor.csproj", "{1126CF33-226B-4168-881A-45A256A66FC4}"
EndProject
Global
	GlobalSection(SolutionConfigurationPlatforms) = preSolution
		Debug|Any CPU = Debug|Any CPU
		Release|Any CPU = Release|Any CPU
	EndGlobalSection
	GlobalSection(ProjectConfigurationPlatforms) = postSolution
		{1126CF33-226B-4168-881A-45A256A66FC4}.Debug|Any CPU.ActiveCfg = Debug|Any CPU
		{1126CF33-226B-4168-881A-45A256A66FC4}.Debug|Any CPU.Build.0 = Debug|Any CPU
		{1126CF33-226B-4168-881A-45A256A66FC4}.Release|Any CPU.ActiveCfg = Release|Any CPU
		{1126CF33-226B-4168-881A-45A256A66FC4}.Release|Any CPU.Build.0 = Release|Any CPU
	EndGlobalSection
	GlobalSection(SolutionProperties) = preSolution
		HideSolutionNode = FALSE
	EndGlobalSection
	GlobalSection(ExtensibilityGlobals) = postSolution
		SolutionGuid = {5BFF0D6D-FBF1-4D49-9EEE-F8EDD1749A0D}
	EndGlobalSection
EndGlobal
