
Microsoft Visual Studio Solution File, Format Version 12.00
# Visual Studio Version 17
VisualStudioVersion = 17.7.34202.233
MinimumVisualStudioVersion = 10.0.40219.1
Project("{FAE04EC0-301F-11D3-BF4B-00C04F79EFBC}") = "Patron de Diseño ChainOfResponsability", "Patron de Diseño ChainOfResponsability.csproj", "{D72C5F31-C9EC-47B2-A929-C9A620C85E92}"
EndProject
Global
	GlobalSection(SolutionConfigurationPlatforms) = preSolution
		Debug|Any CPU = Debug|Any CPU
		Release|Any CPU = Release|Any CPU
	EndGlobalSection
	GlobalSection(ProjectConfigurationPlatforms) = postSolution
		{D72C5F31-C9EC-47B2-A929-C9A620C85E92}.Debug|Any CPU.ActiveCfg = Debug|Any CPU
		{D72C5F31-C9EC-47B2-A929-C9A620C85E92}.Debug|Any CPU.Build.0 = Debug|Any CPU
		{D72C5F31-C9EC-47B2-A929-C9A620C85E92}.Release|Any CPU.ActiveCfg = Release|Any CPU
		{D72C5F31-C9EC-47B2-A929-C9A620C85E92}.Release|Any CPU.Build.0 = Release|Any CPU
	EndGlobalSection
	GlobalSection(SolutionProperties) = preSolution
		HideSolutionNode = FALSE
	EndGlobalSection
	GlobalSection(ExtensibilityGlobals) = postSolution
		SolutionGuid = {3BFEC35B-1C4B-4DCC-A54E-685C84C10FC8}
	EndGlobalSection
EndGlobal
